
Microsoft Visual Studio Solution File, Format Version 12.00
# Visual Studio 2013
VisualStudioVersion = 12.0.30723.0
MinimumVisualStudioVersion = 10.0.40219.1
Project("{FAE04EC0-301F-11D3-BF4B-00C04F79EFBC}") = "1. UserProfile", "1. UserProfile\1. UserProfile.csproj", "{FD2B4377-B33A-4258-A00D-7442047BA4A3}"
EndProject
Project("{FAE04EC0-301F-11D3-BF4B-00C04F79EFBC}") = "2. Company", "2. Company\2. Company.csproj", "{A2198E05-86C6-499D-B2FD-B46426429C3A}"
EndProject
Global
	GlobalSection(SolutionConfigurationPlatforms) = preSolution
		Debug|Any CPU = Debug|Any CPU
		Release|Any CPU = Release|Any CPU
	EndGlobalSection
	GlobalSection(ProjectConfigurationPlatforms) = postSolution
		{FD2B4377-B33A-4258-A00D-7442047BA4A3}.Debug|Any CPU.ActiveCfg = Debug|Any CPU
		{FD2B4377-B33A-4258-A00D-7442047BA4A3}.Debug|Any CPU.Build.0 = Debug|Any CPU
		{FD2B4377-B33A-4258-A00D-7442047BA4A3}.Release|Any CPU.ActiveCfg = Release|Any CPU
		{FD2B4377-B33A-4258-A00D-7442047BA4A3}.Release|Any CPU.Build.0 = Release|Any CPU
		{A2198E05-86C6-499D-B2FD-B46426429C3A}.Debug|Any CPU.ActiveCfg = Debug|Any CPU
		{A2198E05-86C6-499D-B2FD-B46426429C3A}.Debug|Any CPU.Build.0 = Debug|Any CPU
		{A2198E05-86C6-499D-B2FD-B46426429C3A}.Release|Any CPU.ActiveCfg = Release|Any CPU
		{A2198E05-86C6-499D-B2FD-B46426429C3A}.Release|Any CPU.Build.0 = Release|Any CPU
	EndGlobalSection
	GlobalSection(SolutionProperties) = preSolution
		HideSolutionNode = FALSE
	EndGlobalSection
EndGlobal
