
Microsoft Visual Studio Solution File, Format Version 12.00
# Visual Studio 2013
VisualStudioVersion = 12.0.21005.1
MinimumVisualStudioVersion = 10.0.40219.1
Project("{FAE04EC0-301F-11D3-BF4B-00C04F79EFBC}") = "Products", "Products\Products.csproj", "{936C94E9-D47B-41CB-A647-63807D32707E}"
EndProject
Project("{FAE04EC0-301F-11D3-BF4B-00C04F79EFBC}") = "Trie", "Trie\Trie.csproj", "{3A6ED09C-F7E5-44FE-954D-9E9D7E4812EC}"
EndProject
Project("{FAE04EC0-301F-11D3-BF4B-00C04F79EFBC}") = "Priority Queue", "Priority Queue\Priority Queue.csproj", "{071477FF-CDA5-48CA-B9EB-07EF5723211B}"
EndProject
Global
	GlobalSection(SolutionConfigurationPlatforms) = preSolution
		Debug|Any CPU = Debug|Any CPU
		Release|Any CPU = Release|Any CPU
	EndGlobalSection
	GlobalSection(ProjectConfigurationPlatforms) = postSolution
		{936C94E9-D47B-41CB-A647-63807D32707E}.Debug|Any CPU.ActiveCfg = Debug|Any CPU
		{936C94E9-D47B-41CB-A647-63807D32707E}.Debug|Any CPU.Build.0 = Debug|Any CPU
		{936C94E9-D47B-41CB-A647-63807D32707E}.Release|Any CPU.ActiveCfg = Release|Any CPU
		{936C94E9-D47B-41CB-A647-63807D32707E}.Release|Any CPU.Build.0 = Release|Any CPU
		{3A6ED09C-F7E5-44FE-954D-9E9D7E4812EC}.Debug|Any CPU.ActiveCfg = Debug|Any CPU
		{3A6ED09C-F7E5-44FE-954D-9E9D7E4812EC}.Debug|Any CPU.Build.0 = Debug|Any CPU
		{3A6ED09C-F7E5-44FE-954D-9E9D7E4812EC}.Release|Any CPU.ActiveCfg = Release|Any CPU
		{3A6ED09C-F7E5-44FE-954D-9E9D7E4812EC}.Release|Any CPU.Build.0 = Release|Any CPU
		{071477FF-CDA5-48CA-B9EB-07EF5723211B}.Debug|Any CPU.ActiveCfg = Debug|Any CPU
		{071477FF-CDA5-48CA-B9EB-07EF5723211B}.Debug|Any CPU.Build.0 = Debug|Any CPU
		{071477FF-CDA5-48CA-B9EB-07EF5723211B}.Release|Any CPU.ActiveCfg = Release|Any CPU
		{071477FF-CDA5-48CA-B9EB-07EF5723211B}.Release|Any CPU.Build.0 = Release|Any CPU
	EndGlobalSection
	GlobalSection(SolutionProperties) = preSolution
		HideSolutionNode = FALSE
	EndGlobalSection
EndGlobal
