
Microsoft Visual Studio Solution File, Format Version 12.00
# Visual Studio Express 2012 for Windows Desktop
Project("{FAE04EC0-301F-11D3-BF4B-00C04F79EFBC}") = "02.Reverse", "02.Reverse\02.Reverse.csproj", "{4788A96C-849B-40B9-BBE8-E08BE5E87065}"
EndProject
Project("{FAE04EC0-301F-11D3-BF4B-00C04F79EFBC}") = "03.Brackets", "03.Brackets\03.Brackets.csproj", "{C93AD05D-AAB5-46CF-9EF8-22B54B61EFD6}"
EndProject
Project("{FAE04EC0-301F-11D3-BF4B-00C04F79EFBC}") = "04.CountSubstring", "04.CountSubstring\04.CountSubstring.csproj", "{B00C89E8-9B4D-4BAA-80F9-F09AA74466BA}"
EndProject
Project("{FAE04EC0-301F-11D3-BF4B-00C04F79EFBC}") = "05.ChangeCase", "05.ChangeCase\05.ChangeCase.csproj", "{C0248E9E-9B78-43E7-B263-BC2E419CDBC3}"
EndProject
Project("{FAE04EC0-301F-11D3-BF4B-00C04F79EFBC}") = "06.ReadString", "06.ReadString\06.ReadString.csproj", "{BF08EEEB-BBC4-40CC-8F64-5D9DF0D5372C}"
EndProject
Project("{FAE04EC0-301F-11D3-BF4B-00C04F79EFBC}") = "07.Cipher", "07.Cipher\07.Cipher.csproj", "{F02B0B77-07CE-4F71-9E00-5EB856B643BB}"
EndProject
Project("{FAE04EC0-301F-11D3-BF4B-00C04F79EFBC}") = "08.Sentences", "08.Sentences\08.Sentences.csproj", "{7A77E502-E3A7-41ED-9A4D-B183E731CBCE}"
EndProject
Project("{FAE04EC0-301F-11D3-BF4B-00C04F79EFBC}") = "09.ForbiddenWords", "09.ForbiddenWords\09.ForbiddenWords.csproj", "{50E84D86-F7E9-4BF6-BA04-4BD37C745CA4}"
EndProject
Project("{FAE04EC0-301F-11D3-BF4B-00C04F79EFBC}") = "10.Unicode", "10.Unicode\10.Unicode.csproj", "{DBE1976F-580D-49CE-BDF7-8FC3E4BB5144}"
EndProject
Project("{FAE04EC0-301F-11D3-BF4B-00C04F79EFBC}") = "11.Format", "11.Format\11.Format.csproj", "{BB2711F5-9FE3-4F9E-AB61-40EDBCCD4E9D}"
EndProject
Project("{FAE04EC0-301F-11D3-BF4B-00C04F79EFBC}") = "12.URL", "12.URL\12.URL.csproj", "{737F737C-575A-46B9-9F68-C47FE29F01A8}"
EndProject
Project("{FAE04EC0-301F-11D3-BF4B-00C04F79EFBC}") = "13.Invert", "13.Invert\13.Invert.csproj", "{B870AAB3-FC07-4732-9081-8F6D9E6B91F6}"
EndProject
Project("{FAE04EC0-301F-11D3-BF4B-00C04F79EFBC}") = "14.Dictionary", "14.Dictionary\14.Dictionary.csproj", "{A4ABD606-A9C6-4EC4-9595-95F59178F7B0}"
EndProject
Project("{FAE04EC0-301F-11D3-BF4B-00C04F79EFBC}") = "15.HTML", "15.HTML\15.HTML.csproj", "{736C77D8-B92B-4BBB-901B-896B9F9B7FFD}"
EndProject
Project("{FAE04EC0-301F-11D3-BF4B-00C04F79EFBC}") = "16.Dates", "16.Dates\16.Dates.csproj", "{4626AE1A-8275-4FDE-B9FC-7D7C55C937E5}"
EndProject
Project("{FAE04EC0-301F-11D3-BF4B-00C04F79EFBC}") = "17.Dates2", "17.Dates2\17.Dates2.csproj", "{3AAC6E5E-7EF9-442C-A712-68798030B58A}"
EndProject
Project("{FAE04EC0-301F-11D3-BF4B-00C04F79EFBC}") = "18.E-mail", "18.E-mail\18.E-mail.csproj", "{31670DE0-C169-4444-AE41-BDC472A7FF0C}"
EndProject
Project("{FAE04EC0-301F-11D3-BF4B-00C04F79EFBC}") = "19.MatchDates", "19.MatchDates\19.MatchDates.csproj", "{13A16896-8C1D-48C4-A5AC-9219F89C9B87}"
EndProject
Project("{FAE04EC0-301F-11D3-BF4B-00C04F79EFBC}") = "20.Palindromes", "20.Palindromes\20.Palindromes.csproj", "{4DE44DE3-D699-45BC-9160-A844301EE03B}"
EndProject
Project("{FAE04EC0-301F-11D3-BF4B-00C04F79EFBC}") = "22.CountWords", "22.CountWords\22.CountWords.csproj", "{BF7487D9-A3D8-44CF-9654-123137C6A105}"
EndProject
Project("{FAE04EC0-301F-11D3-BF4B-00C04F79EFBC}") = "21.CountLetters", "21.CountLetters\21.CountLetters.csproj", "{787EC10A-8B4A-473E-8410-42EF57D2BB19}"
EndProject
Project("{FAE04EC0-301F-11D3-BF4B-00C04F79EFBC}") = "25.HTML2", "25.HTML2\25.HTML2.csproj", "{A6EC4E8A-1504-4C70-B466-3E46DACBF171}"
EndProject
Project("{FAE04EC0-301F-11D3-BF4B-00C04F79EFBC}") = "23.EraseRepeating", "23.EraseRepeating\23.EraseRepeating.csproj", "{F5511B26-CBD0-4227-AE7B-D3B4A5D3B624}"
EndProject
Project("{FAE04EC0-301F-11D3-BF4B-00C04F79EFBC}") = "24.PrintWords", "24.PrintWords\24.PrintWords.csproj", "{94533AA1-4524-4DB6-9E92-9956A227EDAE}"
EndProject
Global
	GlobalSection(SolutionConfigurationPlatforms) = preSolution
		Debug|Any CPU = Debug|Any CPU
		Release|Any CPU = Release|Any CPU
	EndGlobalSection
	GlobalSection(ProjectConfigurationPlatforms) = postSolution
		{4788A96C-849B-40B9-BBE8-E08BE5E87065}.Debug|Any CPU.ActiveCfg = Debug|Any CPU
		{4788A96C-849B-40B9-BBE8-E08BE5E87065}.Debug|Any CPU.Build.0 = Debug|Any CPU
		{4788A96C-849B-40B9-BBE8-E08BE5E87065}.Release|Any CPU.ActiveCfg = Release|Any CPU
		{4788A96C-849B-40B9-BBE8-E08BE5E87065}.Release|Any CPU.Build.0 = Release|Any CPU
		{C93AD05D-AAB5-46CF-9EF8-22B54B61EFD6}.Debug|Any CPU.ActiveCfg = Debug|Any CPU
		{C93AD05D-AAB5-46CF-9EF8-22B54B61EFD6}.Debug|Any CPU.Build.0 = Debug|Any CPU
		{C93AD05D-AAB5-46CF-9EF8-22B54B61EFD6}.Release|Any CPU.ActiveCfg = Release|Any CPU
		{C93AD05D-AAB5-46CF-9EF8-22B54B61EFD6}.Release|Any CPU.Build.0 = Release|Any CPU
		{B00C89E8-9B4D-4BAA-80F9-F09AA74466BA}.Debug|Any CPU.ActiveCfg = Debug|Any CPU
		{B00C89E8-9B4D-4BAA-80F9-F09AA74466BA}.Debug|Any CPU.Build.0 = Debug|Any CPU
		{B00C89E8-9B4D-4BAA-80F9-F09AA74466BA}.Release|Any CPU.ActiveCfg = Release|Any CPU
		{B00C89E8-9B4D-4BAA-80F9-F09AA74466BA}.Release|Any CPU.Build.0 = Release|Any CPU
		{C0248E9E-9B78-43E7-B263-BC2E419CDBC3}.Debug|Any CPU.ActiveCfg = Debug|Any CPU
		{C0248E9E-9B78-43E7-B263-BC2E419CDBC3}.Debug|Any CPU.Build.0 = Debug|Any CPU
		{C0248E9E-9B78-43E7-B263-BC2E419CDBC3}.Release|Any CPU.ActiveCfg = Release|Any CPU
		{C0248E9E-9B78-43E7-B263-BC2E419CDBC3}.Release|Any CPU.Build.0 = Release|Any CPU
		{BF08EEEB-BBC4-40CC-8F64-5D9DF0D5372C}.Debug|Any CPU.ActiveCfg = Debug|Any CPU
		{BF08EEEB-BBC4-40CC-8F64-5D9DF0D5372C}.Debug|Any CPU.Build.0 = Debug|Any CPU
		{BF08EEEB-BBC4-40CC-8F64-5D9DF0D5372C}.Release|Any CPU.ActiveCfg = Release|Any CPU
		{BF08EEEB-BBC4-40CC-8F64-5D9DF0D5372C}.Release|Any CPU.Build.0 = Release|Any CPU
		{F02B0B77-07CE-4F71-9E00-5EB856B643BB}.Debug|Any CPU.ActiveCfg = Debug|Any CPU
		{F02B0B77-07CE-4F71-9E00-5EB856B643BB}.Debug|Any CPU.Build.0 = Debug|Any CPU
		{F02B0B77-07CE-4F71-9E00-5EB856B643BB}.Release|Any CPU.ActiveCfg = Release|Any CPU
		{F02B0B77-07CE-4F71-9E00-5EB856B643BB}.Release|Any CPU.Build.0 = Release|Any CPU
		{7A77E502-E3A7-41ED-9A4D-B183E731CBCE}.Debug|Any CPU.ActiveCfg = Debug|Any CPU
		{7A77E502-E3A7-41ED-9A4D-B183E731CBCE}.Debug|Any CPU.Build.0 = Debug|Any CPU
		{7A77E502-E3A7-41ED-9A4D-B183E731CBCE}.Release|Any CPU.ActiveCfg = Release|Any CPU
		{7A77E502-E3A7-41ED-9A4D-B183E731CBCE}.Release|Any CPU.Build.0 = Release|Any CPU
		{50E84D86-F7E9-4BF6-BA04-4BD37C745CA4}.Debug|Any CPU.ActiveCfg = Debug|Any CPU
		{50E84D86-F7E9-4BF6-BA04-4BD37C745CA4}.Debug|Any CPU.Build.0 = Debug|Any CPU
		{50E84D86-F7E9-4BF6-BA04-4BD37C745CA4}.Release|Any CPU.ActiveCfg = Release|Any CPU
		{50E84D86-F7E9-4BF6-BA04-4BD37C745CA4}.Release|Any CPU.Build.0 = Release|Any CPU
		{DBE1976F-580D-49CE-BDF7-8FC3E4BB5144}.Debug|Any CPU.ActiveCfg = Debug|Any CPU
		{DBE1976F-580D-49CE-BDF7-8FC3E4BB5144}.Debug|Any CPU.Build.0 = Debug|Any CPU
		{DBE1976F-580D-49CE-BDF7-8FC3E4BB5144}.Release|Any CPU.ActiveCfg = Release|Any CPU
		{DBE1976F-580D-49CE-BDF7-8FC3E4BB5144}.Release|Any CPU.Build.0 = Release|Any CPU
		{BB2711F5-9FE3-4F9E-AB61-40EDBCCD4E9D}.Debug|Any CPU.ActiveCfg = Debug|Any CPU
		{BB2711F5-9FE3-4F9E-AB61-40EDBCCD4E9D}.Debug|Any CPU.Build.0 = Debug|Any CPU
		{BB2711F5-9FE3-4F9E-AB61-40EDBCCD4E9D}.Release|Any CPU.ActiveCfg = Release|Any CPU
		{BB2711F5-9FE3-4F9E-AB61-40EDBCCD4E9D}.Release|Any CPU.Build.0 = Release|Any CPU
		{737F737C-575A-46B9-9F68-C47FE29F01A8}.Debug|Any CPU.ActiveCfg = Debug|Any CPU
		{737F737C-575A-46B9-9F68-C47FE29F01A8}.Debug|Any CPU.Build.0 = Debug|Any CPU
		{737F737C-575A-46B9-9F68-C47FE29F01A8}.Release|Any CPU.ActiveCfg = Release|Any CPU
		{737F737C-575A-46B9-9F68-C47FE29F01A8}.Release|Any CPU.Build.0 = Release|Any CPU
		{B870AAB3-FC07-4732-9081-8F6D9E6B91F6}.Debug|Any CPU.ActiveCfg = Debug|Any CPU
		{B870AAB3-FC07-4732-9081-8F6D9E6B91F6}.Debug|Any CPU.Build.0 = Debug|Any CPU
		{B870AAB3-FC07-4732-9081-8F6D9E6B91F6}.Release|Any CPU.ActiveCfg = Release|Any CPU
		{B870AAB3-FC07-4732-9081-8F6D9E6B91F6}.Release|Any CPU.Build.0 = Release|Any CPU
		{A4ABD606-A9C6-4EC4-9595-95F59178F7B0}.Debug|Any CPU.ActiveCfg = Debug|Any CPU
		{A4ABD606-A9C6-4EC4-9595-95F59178F7B0}.Debug|Any CPU.Build.0 = Debug|Any CPU
		{A4ABD606-A9C6-4EC4-9595-95F59178F7B0}.Release|Any CPU.ActiveCfg = Release|Any CPU
		{A4ABD606-A9C6-4EC4-9595-95F59178F7B0}.Release|Any CPU.Build.0 = Release|Any CPU
		{736C77D8-B92B-4BBB-901B-896B9F9B7FFD}.Debug|Any CPU.ActiveCfg = Debug|Any CPU
		{736C77D8-B92B-4BBB-901B-896B9F9B7FFD}.Debug|Any CPU.Build.0 = Debug|Any CPU
		{736C77D8-B92B-4BBB-901B-896B9F9B7FFD}.Release|Any CPU.ActiveCfg = Release|Any CPU
		{736C77D8-B92B-4BBB-901B-896B9F9B7FFD}.Release|Any CPU.Build.0 = Release|Any CPU
		{4626AE1A-8275-4FDE-B9FC-7D7C55C937E5}.Debug|Any CPU.ActiveCfg = Debug|Any CPU
		{4626AE1A-8275-4FDE-B9FC-7D7C55C937E5}.Debug|Any CPU.Build.0 = Debug|Any CPU
		{4626AE1A-8275-4FDE-B9FC-7D7C55C937E5}.Release|Any CPU.ActiveCfg = Release|Any CPU
		{4626AE1A-8275-4FDE-B9FC-7D7C55C937E5}.Release|Any CPU.Build.0 = Release|Any CPU
		{3AAC6E5E-7EF9-442C-A712-68798030B58A}.Debug|Any CPU.ActiveCfg = Debug|Any CPU
		{3AAC6E5E-7EF9-442C-A712-68798030B58A}.Debug|Any CPU.Build.0 = Debug|Any CPU
		{3AAC6E5E-7EF9-442C-A712-68798030B58A}.Release|Any CPU.ActiveCfg = Release|Any CPU
		{3AAC6E5E-7EF9-442C-A712-68798030B58A}.Release|Any CPU.Build.0 = Release|Any CPU
		{31670DE0-C169-4444-AE41-BDC472A7FF0C}.Debug|Any CPU.ActiveCfg = Debug|Any CPU
		{31670DE0-C169-4444-AE41-BDC472A7FF0C}.Debug|Any CPU.Build.0 = Debug|Any CPU
		{31670DE0-C169-4444-AE41-BDC472A7FF0C}.Release|Any CPU.ActiveCfg = Release|Any CPU
		{31670DE0-C169-4444-AE41-BDC472A7FF0C}.Release|Any CPU.Build.0 = Release|Any CPU
		{13A16896-8C1D-48C4-A5AC-9219F89C9B87}.Debug|Any CPU.ActiveCfg = Debug|Any CPU
		{13A16896-8C1D-48C4-A5AC-9219F89C9B87}.Debug|Any CPU.Build.0 = Debug|Any CPU
		{13A16896-8C1D-48C4-A5AC-9219F89C9B87}.Release|Any CPU.ActiveCfg = Release|Any CPU
		{13A16896-8C1D-48C4-A5AC-9219F89C9B87}.Release|Any CPU.Build.0 = Release|Any CPU
		{4DE44DE3-D699-45BC-9160-A844301EE03B}.Debug|Any CPU.ActiveCfg = Debug|Any CPU
		{4DE44DE3-D699-45BC-9160-A844301EE03B}.Debug|Any CPU.Build.0 = Debug|Any CPU
		{4DE44DE3-D699-45BC-9160-A844301EE03B}.Release|Any CPU.ActiveCfg = Release|Any CPU
		{4DE44DE3-D699-45BC-9160-A844301EE03B}.Release|Any CPU.Build.0 = Release|Any CPU
		{BF7487D9-A3D8-44CF-9654-123137C6A105}.Debug|Any CPU.ActiveCfg = Debug|Any CPU
		{BF7487D9-A3D8-44CF-9654-123137C6A105}.Debug|Any CPU.Build.0 = Debug|Any CPU
		{BF7487D9-A3D8-44CF-9654-123137C6A105}.Release|Any CPU.ActiveCfg = Release|Any CPU
		{BF7487D9-A3D8-44CF-9654-123137C6A105}.Release|Any CPU.Build.0 = Release|Any CPU
		{787EC10A-8B4A-473E-8410-42EF57D2BB19}.Debug|Any CPU.ActiveCfg = Debug|Any CPU
		{787EC10A-8B4A-473E-8410-42EF57D2BB19}.Debug|Any CPU.Build.0 = Debug|Any CPU
		{787EC10A-8B4A-473E-8410-42EF57D2BB19}.Release|Any CPU.ActiveCfg = Release|Any CPU
		{787EC10A-8B4A-473E-8410-42EF57D2BB19}.Release|Any CPU.Build.0 = Release|Any CPU
		{A6EC4E8A-1504-4C70-B466-3E46DACBF171}.Debug|Any CPU.ActiveCfg = Debug|Any CPU
		{A6EC4E8A-1504-4C70-B466-3E46DACBF171}.Debug|Any CPU.Build.0 = Debug|Any CPU
		{A6EC4E8A-1504-4C70-B466-3E46DACBF171}.Release|Any CPU.ActiveCfg = Release|Any CPU
		{A6EC4E8A-1504-4C70-B466-3E46DACBF171}.Release|Any CPU.Build.0 = Release|Any CPU
		{F5511B26-CBD0-4227-AE7B-D3B4A5D3B624}.Debug|Any CPU.ActiveCfg = Debug|Any CPU
		{F5511B26-CBD0-4227-AE7B-D3B4A5D3B624}.Debug|Any CPU.Build.0 = Debug|Any CPU
		{F5511B26-CBD0-4227-AE7B-D3B4A5D3B624}.Release|Any CPU.ActiveCfg = Release|Any CPU
		{F5511B26-CBD0-4227-AE7B-D3B4A5D3B624}.Release|Any CPU.Build.0 = Release|Any CPU
		{94533AA1-4524-4DB6-9E92-9956A227EDAE}.Debug|Any CPU.ActiveCfg = Debug|Any CPU
		{94533AA1-4524-4DB6-9E92-9956A227EDAE}.Debug|Any CPU.Build.0 = Debug|Any CPU
		{94533AA1-4524-4DB6-9E92-9956A227EDAE}.Release|Any CPU.ActiveCfg = Release|Any CPU
		{94533AA1-4524-4DB6-9E92-9956A227EDAE}.Release|Any CPU.Build.0 = Release|Any CPU
	EndGlobalSection
	GlobalSection(SolutionProperties) = preSolution
		HideSolutionNode = FALSE
	EndGlobalSection
EndGlobal
